
Microsoft Visual Studio Solution File, Format Version 12.00
# Visual Studio Version 17
VisualStudioVersion = 17.9.34622.214
MinimumVisualStudioVersion = 10.0.40219.1
Project("{FAE04EC0-301F-11D3-BF4B-00C04F79EFBC}") = "DilkashDBMS", "DilkashDBMS\DilkashDBMS.csproj", "{A3705B45-CF8B-4721-9F50-9B53FE5ADCB6}"
EndProject
Global
	GlobalSection(SolutionConfigurationPlatforms) = preSolution
		Debug|Any CPU = Debug|Any CPU
		Release|Any CPU = Release|Any CPU
	EndGlobalSection
	GlobalSection(ProjectConfigurationPlatforms) = postSolution
		{A3705B45-CF8B-4721-9F50-9B53FE5ADCB6}.Debug|Any CPU.ActiveCfg = Debug|Any CPU
		{A3705B45-CF8B-4721-9F50-9B53FE5ADCB6}.Debug|Any CPU.Build.0 = Debug|Any CPU
		{A3705B45-CF8B-4721-9F50-9B53FE5ADCB6}.Release|Any CPU.ActiveCfg = Release|Any CPU
		{A3705B45-CF8B-4721-9F50-9B53FE5ADCB6}.Release|Any CPU.Build.0 = Release|Any CPU
	EndGlobalSection
	GlobalSection(SolutionProperties) = preSolution
		HideSolutionNode = FALSE
	EndGlobalSection
	GlobalSection(ExtensibilityGlobals) = postSolution
		SolutionGuid = {E4F5EC40-E01F-420E-A99D-B5BCD229A298}
	EndGlobalSection
EndGlobal
